// !$*UTF8*$!
{
	archiveVersion = 1;
	classes = {
	};
	objectVersion = 46;
	objects = {

/* Begin PBXBuildFile section */
		9620178D1354C9B30067E14B /* HelicopterClient.m in Sources */ = {isa = PBXBuildFile; fileRef = 962017881354C9B30067E14B /* HelicopterClient.m */; };
		9620178E1354C9B30067E14B /* HelicopterServer.m in Sources */ = {isa = PBXBuildFile; fileRef = 9620178A1354C9B30067E14B /* HelicopterServer.m */; };
		9620178F1354C9B30067E14B /* TCPServer.m in Sources */ = {isa = PBXBuildFile; fileRef = 9620178C1354C9B30067E14B /* TCPServer.m */; };
		962017951354DBC80067E14B /* FileWriter.m in Sources */ = {isa = PBXBuildFile; fileRef = 962017941354DBC80067E14B /* FileWriter.m */; };
		962017981354DD3C0067E14B /* CoordinatCalc.m in Sources */ = {isa = PBXBuildFile; fileRef = 962017971354DD3C0067E14B /* CoordinatCalc.m */; };
		96572486134E1EE30041ECE3 /* LocationFinder.m in Sources */ = {isa = PBXBuildFile; fileRef = 96572485134E1EE30041ECE3 /* LocationFinder.m */; };
		96D2D0CB134DEB280040720C /* Cocoa.framework in Frameworks */ = {isa = PBXBuildFile; fileRef = 96D2D0CA134DEB280040720C /* Cocoa.framework */; };
		96D2D0D5134DEB280040720C /* InfoPlist.strings in Resources */ = {isa = PBXBuildFile; fileRef = 96D2D0D3134DEB280040720C /* InfoPlist.strings */; };
		96D2D0D8134DEB280040720C /* main.m in Sources */ = {isa = PBXBuildFile; fileRef = 96D2D0D7134DEB280040720C /* main.m */; };
		96D2D0DB134DEB280040720C /* Credits.rtf in Resources */ = {isa = PBXBuildFile; fileRef = 96D2D0D9134DEB280040720C /* Credits.rtf */; };
		96D2D0DE134DEB280040720C /* HelicopterAppDelegate.m in Sources */ = {isa = PBXBuildFile; fileRef = 96D2D0DD134DEB280040720C /* HelicopterAppDelegate.m */; };
		96D2D0E1134DEB280040720C /* MainMenu.xib in Resources */ = {isa = PBXBuildFile; fileRef = 96D2D0DF134DEB280040720C /* MainMenu.xib */; };
		96D2D0E8134DEB330040720C /* QTKit.framework in Frameworks */ = {isa = PBXBuildFile; fileRef = 96D2D0E7134DEB330040720C /* QTKit.framework */; };
		96D2D0EA134DEB3A0040720C /* QuartzCore.framework in Frameworks */ = {isa = PBXBuildFile; fileRef = 96D2D0E9134DEB3A0040720C /* QuartzCore.framework */; };
/* End PBXBuildFile section */

/* Begin PBXFileReference section */
		962017871354C9B30067E14B /* HelicopterClient.h */ = {isa = PBXFileReference; fileEncoding = 4; lastKnownFileType = sourcecode.c.h; path = HelicopterClient.h; sourceTree = "<group>"; };
		962017881354C9B30067E14B /* HelicopterClient.m */ = {isa = PBXFileReference; fileEncoding = 4; lastKnownFileType = sourcecode.c.objc; path = HelicopterClient.m; sourceTree = "<group>"; };
		962017891354C9B30067E14B /* HelicopterServer.h */ = {isa = PBXFileReference; fileEncoding = 4; lastKnownFileType = sourcecode.c.h; path = HelicopterServer.h; sourceTree = "<group>"; };
		9620178A1354C9B30067E14B /* HelicopterServer.m */ = {isa = PBXFileReference; fileEncoding = 4; lastKnownFileType = sourcecode.c.objc; path = HelicopterServer.m; sourceTree = "<group>"; };
		9620178B1354C9B30067E14B /* TCPServer.h */ = {isa = PBXFileReference; fileEncoding = 4; lastKnownFileType = sourcecode.c.h; path = TCPServer.h; sourceTree = "<group>"; };
		9620178C1354C9B30067E14B /* TCPServer.m */ = {isa = PBXFileReference; fileEncoding = 4; lastKnownFileType = sourcecode.c.objc; path = TCPServer.m; sourceTree = "<group>"; };
		962017931354DBC80067E14B /* FileWriter.h */ = {isa = PBXFileReference; fileEncoding = 4; lastKnownFileType = sourcecode.c.h; path = FileWriter.h; sourceTree = "<group>"; };
		962017941354DBC80067E14B /* FileWriter.m */ = {isa = PBXFileReference; fileEncoding = 4; lastKnownFileType = sourcecode.c.objc; path = FileWriter.m; sourceTree = "<group>"; };
		962017961354DD3C0067E14B /* CoordinatCalc.h */ = {isa = PBXFileReference; fileEncoding = 4; lastKnownFileType = sourcecode.c.h; path = CoordinatCalc.h; sourceTree = "<group>"; };
		962017971354DD3C0067E14B /* CoordinatCalc.m */ = {isa = PBXFileReference; fileEncoding = 4; lastKnownFileType = sourcecode.c.objc; path = CoordinatCalc.m; sourceTree = "<group>"; };
		96572484134E1EE30041ECE3 /* LocationFinder.h */ = {isa = PBXFileReference; fileEncoding = 4; lastKnownFileType = sourcecode.c.h; path = LocationFinder.h; sourceTree = "<group>"; };
		96572485134E1EE30041ECE3 /* LocationFinder.m */ = {isa = PBXFileReference; fileEncoding = 4; lastKnownFileType = sourcecode.c.objc; path = LocationFinder.m; sourceTree = "<group>"; };
		96D2D0C6134DEB280040720C /* Helicopter.app */ = {isa = PBXFileReference; explicitFileType = wrapper.application; includeInIndex = 0; path = Helicopter.app; sourceTree = BUILT_PRODUCTS_DIR; };
		96D2D0CA134DEB280040720C /* Cocoa.framework */ = {isa = PBXFileReference; lastKnownFileType = wrapper.framework; name = Cocoa.framework; path = System/Library/Frameworks/Cocoa.framework; sourceTree = SDKROOT; };
		96D2D0CD134DEB280040720C /* AppKit.framework */ = {isa = PBXFileReference; lastKnownFileType = wrapper.framework; name = AppKit.framework; path = System/Library/Frameworks/AppKit.framework; sourceTree = SDKROOT; };
		96D2D0CE134DEB280040720C /* CoreData.framework */ = {isa = PBXFileReference; lastKnownFileType = wrapper.framework; name = CoreData.framework; path = System/Library/Frameworks/CoreData.framework; sourceTree = SDKROOT; };
		96D2D0CF134DEB280040720C /* Foundation.framework */ = {isa = PBXFileReference; lastKnownFileType = wrapper.framework; name = Foundation.framework; path = System/Library/Frameworks/Foundation.framework; sourceTree = SDKROOT; };
		96D2D0D2134DEB280040720C /* Helicopter-Info.plist */ = {isa = PBXFileReference; lastKnownFileType = text.plist.xml; path = "Helicopter-Info.plist"; sourceTree = "<group>"; };
		96D2D0D4134DEB280040720C /* en */ = {isa = PBXFileReference; lastKnownFileType = text.plist.strings; name = en; path = en.lproj/InfoPlist.strings; sourceTree = "<group>"; };
		96D2D0D6134DEB280040720C /* Helicopter-Prefix.pch */ = {isa = PBXFileReference; lastKnownFileType = sourcecode.c.h; path = "Helicopter-Prefix.pch"; sourceTree = "<group>"; };
		96D2D0D7134DEB280040720C /* main.m */ = {isa = PBXFileReference; lastKnownFileType = sourcecode.c.objc; path = main.m; sourceTree = "<group>"; };
		96D2D0DA134DEB280040720C /* en */ = {isa = PBXFileReference; lastKnownFileType = text.rtf; name = en; path = en.lproj/Credits.rtf; sourceTree = "<group>"; };
		96D2D0DC134DEB280040720C /* HelicopterAppDelegate.h */ = {isa = PBXFileReference; lastKnownFileType = sourcecode.c.h; path = HelicopterAppDelegate.h; sourceTree = "<group>"; };
		96D2D0DD134DEB280040720C /* HelicopterAppDelegate.m */ = {isa = PBXFileReference; lastKnownFileType = sourcecode.c.objc; path = HelicopterAppDelegate.m; sourceTree = "<group>"; };
		96D2D0E0134DEB280040720C /* en */ = {isa = PBXFileReference; lastKnownFileType = file.xib; name = en; path = en.lproj/MainMenu.xib; sourceTree = "<group>"; };
		96D2D0E7134DEB330040720C /* QTKit.framework */ = {isa = PBXFileReference; lastKnownFileType = wrapper.framework; name = QTKit.framework; path = System/Library/Frameworks/QTKit.framework; sourceTree = SDKROOT; };
		96D2D0E9134DEB3A0040720C /* QuartzCore.framework */ = {isa = PBXFileReference; lastKnownFileType = wrapper.framework; name = QuartzCore.framework; path = System/Library/Frameworks/QuartzCore.framework; sourceTree = SDKROOT; };
/* End PBXFileReference section */

/* Begin PBXFrameworksBuildPhase section */
		96D2D0C3134DEB280040720C /* Frameworks */ = {
			isa = PBXFrameworksBuildPhase;
			buildActionMask = 2147483647;
			files = (
				96D2D0EA134DEB3A0040720C /* QuartzCore.framework in Frameworks */,
				96D2D0E8134DEB330040720C /* QTKit.framework in Frameworks */,
				96D2D0CB134DEB280040720C /* Cocoa.framework in Frameworks */,
			);
			runOnlyForDeploymentPostprocessing = 0;
		};
/* End PBXFrameworksBuildPhase section */

/* Begin PBXGroup section */
		962017911354C9E10067E14B /* Communication */ = {
			isa = PBXGroup;
			children = (
				962017871354C9B30067E14B /* HelicopterClient.h */,
				962017881354C9B30067E14B /* HelicopterClient.m */,
				962017891354C9B30067E14B /* HelicopterServer.h */,
				9620178A1354C9B30067E14B /* HelicopterServer.m */,
				9620178B1354C9B30067E14B /* TCPServer.h */,
				9620178C1354C9B30067E14B /* TCPServer.m */,
			);
			name = Communication;
			sourceTree = "<group>";
		};
		962017921354C9F50067E14B /* Location */ = {
			isa = PBXGroup;
			children = (
				96572484134E1EE30041ECE3 /* LocationFinder.h */,
				96572485134E1EE30041ECE3 /* LocationFinder.m */,
			);
			name = Location;
			sourceTree = "<group>";
		};
		96D2D0BB134DEB280040720C = {
			isa = PBXGroup;
			children = (
				96D2D0E9134DEB3A0040720C /* QuartzCore.framework */,
				96D2D0E7134DEB330040720C /* QTKit.framework */,
				96D2D0D0134DEB280040720C /* Helicopter */,
				96D2D0C9134DEB280040720C /* Frameworks */,
				96D2D0C7134DEB280040720C /* Products */,
			);
			sourceTree = "<group>";
		};
		96D2D0C7134DEB280040720C /* Products */ = {
			isa = PBXGroup;
			children = (
				96D2D0C6134DEB280040720C /* Helicopter.app */,
			);
			name = Products;
			sourceTree = "<group>";
		};
		96D2D0C9134DEB280040720C /* Frameworks */ = {
			isa = PBXGroup;
			children = (
				96D2D0CA134DEB280040720C /* Cocoa.framework */,
				96D2D0CC134DEB280040720C /* Other Frameworks */,
			);
			name = Frameworks;
			sourceTree = "<group>";
		};
		96D2D0CC134DEB280040720C /* Other Frameworks */ = {
			isa = PBXGroup;
			children = (
				96D2D0CD134DEB280040720C /* AppKit.framework */,
				96D2D0CE134DEB280040720C /* CoreData.framework */,
				96D2D0CF134DEB280040720C /* Foundation.framework */,
			);
			name = "Other Frameworks";
			sourceTree = "<group>";
		};
		96D2D0D0134DEB280040720C /* Helicopter */ = {
			isa = PBXGroup;
			children = (
				962017921354C9F50067E14B /* Location */,
				962017911354C9E10067E14B /* Communication */,
				96D2D0DC134DEB280040720C /* HelicopterAppDelegate.h */,
				96D2D0DD134DEB280040720C /* HelicopterAppDelegate.m */,
				96D2D0DF134DEB280040720C /* MainMenu.xib */,
				96D2D0D1134DEB280040720C /* Supporting Files */,
				962017931354DBC80067E14B /* FileWriter.h */,
				962017941354DBC80067E14B /* FileWriter.m */,
				962017961354DD3C0067E14B /* CoordinatCalc.h */,
				962017971354DD3C0067E14B /* CoordinatCalc.m */,
			);
			path = Helicopter;
			sourceTree = "<group>";
		};
		96D2D0D1134DEB280040720C /* Supporting Files */ = {
			isa = PBXGroup;
			children = (
				96D2D0D2134DEB280040720C /* Helicopter-Info.plist */,
				96D2D0D3134DEB280040720C /* InfoPlist.strings */,
				96D2D0D6134DEB280040720C /* Helicopter-Prefix.pch */,
				96D2D0D7134DEB280040720C /* main.m */,
				96D2D0D9134DEB280040720C /* Credits.rtf */,
			);
			name = "Supporting Files";
			sourceTree = "<group>";
		};
/* End PBXGroup section */

/* Begin PBXNativeTarget section */
		96D2D0C5134DEB280040720C /* Helicopter */ = {
			isa = PBXNativeTarget;
			buildConfigurationList = 96D2D0E4134DEB280040720C /* Build configuration list for PBXNativeTarget "Helicopter" */;
			buildPhases = (
				96D2D0C2134DEB280040720C /* Sources */,
				96D2D0C3134DEB280040720C /* Frameworks */,
				96D2D0C4134DEB280040720C /* Resources */,
			);
			buildRules = (
			);
			dependencies = (
			);
			name = Helicopter;
			productName = Helicopter;
			productReference = 96D2D0C6134DEB280040720C /* Helicopter.app */;
			productType = "com.apple.product-type.application";
		};
/* End PBXNativeTarget section */

/* Begin PBXProject section */
		96D2D0BD134DEB280040720C /* Project object */ = {
			isa = PBXProject;
			attributes = {
				ORGANIZATIONNAME = Kle.io;
			};
			buildConfigurationList = 96D2D0C0134DEB280040720C /* Build configuration list for PBXProject "Helicopter" */;
			compatibilityVersion = "Xcode 3.2";
			developmentRegion = English;
			hasScannedForEncodings = 0;
			knownRegions = (
				en,
			);
			mainGroup = 96D2D0BB134DEB280040720C;
			productRefGroup = 96D2D0C7134DEB280040720C /* Products */;
			projectDirPath = "";
			projectRoot = "";
			targets = (
				96D2D0C5134DEB280040720C /* Helicopter */,
			);
		};
/* End PBXProject section */

/* Begin PBXResourcesBuildPhase section */
		96D2D0C4134DEB280040720C /* Resources */ = {
			isa = PBXResourcesBuildPhase;
			buildActionMask = 2147483647;
			files = (
				96D2D0D5134DEB280040720C /* InfoPlist.strings in Resources */,
				96D2D0DB134DEB280040720C /* Credits.rtf in Resources */,
				96D2D0E1134DEB280040720C /* MainMenu.xib in Resources */,
			);
			runOnlyForDeploymentPostprocessing = 0;
		};
/* End PBXResourcesBuildPhase section */

/* Begin PBXSourcesBuildPhase section */
		96D2D0C2134DEB280040720C /* Sources */ = {
			isa = PBXSourcesBuildPhase;
			buildActionMask = 2147483647;
			files = (
				96D2D0D8134DEB280040720C /* main.m in Sources */,
				96D2D0DE134DEB280040720C /* HelicopterAppDelegate.m in Sources */,
				96572486134E1EE30041ECE3 /* LocationFinder.m in Sources */,
				9620178D1354C9B30067E14B /* HelicopterClient.m in Sources */,
				9620178E1354C9B30067E14B /* HelicopterServer.m in Sources */,
				9620178F1354C9B30067E14B /* TCPServer.m in Sources */,
				962017951354DBC80067E14B /* FileWriter.m in Sources */,
				962017981354DD3C0067E14B /* CoordinatCalc.m in Sources */,
			);
			runOnlyForDeploymentPostprocessing = 0;
		};
/* End PBXSourcesBuildPhase section */

/* Begin PBXVariantGroup section */
		96D2D0D3134DEB280040720C /* InfoPlist.strings */ = {
			isa = PBXVariantGroup;
			children = (
				96D2D0D4134DEB280040720C /* en */,
			);
			name = InfoPlist.strings;
			sourceTree = "<group>";
		};
		96D2D0D9134DEB280040720C /* Credits.rtf */ = {
			isa = PBXVariantGroup;
			children = (
				96D2D0DA134DEB280040720C /* en */,
			);
			name = Credits.rtf;
			sourceTree = "<group>";
		};
		96D2D0DF134DEB280040720C /* MainMenu.xib */ = {
			isa = PBXVariantGroup;
			children = (
				96D2D0E0134DEB280040720C /* en */,
			);
			name = MainMenu.xib;
			sourceTree = "<group>";
		};
/* End PBXVariantGroup section */

/* Begin XCBuildConfiguration section */
		96D2D0E2134DEB280040720C /* Debug */ = {
			isa = XCBuildConfiguration;
			buildSettings = {
				ARCHS = "$(ARCHS_STANDARD_32_64_BIT)";
				GCC_C_LANGUAGE_STANDARD = gnu99;
				GCC_OPTIMIZATION_LEVEL = 0;
				GCC_PREPROCESSOR_DEFINITIONS = DEBUG;
				GCC_SYMBOLS_PRIVATE_EXTERN = NO;
				GCC_VERSION = com.apple.compilers.llvm.clang.1_0;
				GCC_WARN_64_TO_32_BIT_CONVERSION = YES;
				GCC_WARN_ABOUT_RETURN_TYPE = YES;
				GCC_WARN_UNUSED_VARIABLE = YES;
				MACOSX_DEPLOYMENT_TARGET = 10.6;
				ONLY_ACTIVE_ARCH = YES;
				SDKROOT = macosx;
			};
			name = Debug;
		};
		96D2D0E3134DEB280040720C /* Release */ = {
			isa = XCBuildConfiguration;
			buildSettings = {
				ARCHS = "$(ARCHS_STANDARD_32_64_BIT)";
				GCC_C_LANGUAGE_STANDARD = gnu99;
				GCC_VERSION = com.apple.compilers.llvm.clang.1_0;
				GCC_WARN_64_TO_32_BIT_CONVERSION = YES;
				GCC_WARN_ABOUT_RETURN_TYPE = YES;
				GCC_WARN_UNUSED_VARIABLE = YES;
				MACOSX_DEPLOYMENT_TARGET = 10.6;
				SDKROOT = macosx;
			};
			name = Release;
		};
		96D2D0E5134DEB280040720C /* Debug */ = {
			isa = XCBuildConfiguration;
			buildSettings = {
				ALWAYS_SEARCH_USER_PATHS = NO;
				COPY_PHASE_STRIP = NO;
				GCC_DYNAMIC_NO_PIC = NO;
				GCC_ENABLE_OBJC_EXCEPTIONS = YES;
				GCC_PRECOMPILE_PREFIX_HEADER = YES;
				GCC_PREFIX_HEADER = "Helicopter/Helicopter-Prefix.pch";
				INFOPLIST_FILE = "Helicopter/Helicopter-Info.plist";
				PRODUCT_NAME = "$(TARGET_NAME)";
				WRAPPER_EXTENSION = app;
			};
			name = Debug;
		};
		96D2D0E6134DEB280040720C /* Release */ = {
			isa = XCBuildConfiguration;
			buildSettings = {
				ALWAYS_SEARCH_USER_PATHS = NO;
				COPY_PHASE_STRIP = YES;
				DEBUG_INFORMATION_FORMAT = "dwarf-with-dsym";
				GCC_ENABLE_OBJC_EXCEPTIONS = YES;
				GCC_PRECOMPILE_PREFIX_HEADER = YES;
				GCC_PREFIX_HEADER = "Helicopter/Helicopter-Prefix.pch";
				INFOPLIST_FILE = "Helicopter/Helicopter-Info.plist";
				PRODUCT_NAME = "$(TARGET_NAME)";
				WRAPPER_EXTENSION = app;
			};
			name = Release;
		};
/* End XCBuildConfiguration section */

/* Begin XCConfigurationList section */
		96D2D0C0134DEB280040720C /* Build configuration list for PBXProject "Helicopter" */ = {
			isa = XCConfigurationList;
			buildConfigurations = (
				96D2D0E2134DEB280040720C /* Debug */,
				96D2D0E3134DEB280040720C /* Release */,
			);
			defaultConfigurationIsVisible = 0;
			defaultConfigurationName = Release;
		};
		96D2D0E4134DEB280040720C /* Build configuration list for PBXNativeTarget "Helicopter" */ = {
			isa = XCConfigurationList;
			buildConfigurations = (
				96D2D0E5134DEB280040720C /* Debug */,
				96D2D0E6134DEB280040720C /* Release */,
			);
			defaultConfigurationIsVisible = 0;
			defaultConfigurationName = Release;
		};
/* End XCConfigurationList section */
	};
	rootObject = 96D2D0BD134DEB280040720C /* Project object */;
}
